
Microsoft Visual Studio Solution File, Format Version 12.00
# Visual Studio Version 17
VisualStudioVersion = 17.4.33403.182
MinimumVisualStudioVersion = 10.0.40219.1
Project("{2150E333-8FDC-42A3-9474-1A3956D46DE8}") = "Services", "Services", "{2A7E90EC-2D81-43BC-B125-1FE385490804}"
EndProject
Project("{2150E333-8FDC-42A3-9474-1A3956D46DE8}") = "Catalog", "Catalog", "{44D20121-89CB-494D-B962-599CB1E81026}"
EndProject
Project("{9A19103F-16F7-4668-BE54-9A1E7A4F7556}") = "Catalog.API", "Services\Catalog\Catalog.API\Catalog.API.csproj", "{E1125A4C-2D13-41A9-9038-7ED324F38C14}"
EndProject
Project("{E53339B2-1760-4266-BCC7-CA923CBCF16C}") = "docker-compose", "docker-compose.dcproj", "{CBAE6249-7681-468B-A87F-3D6CA5B243D1}"
EndProject
Project("{2150E333-8FDC-42A3-9474-1A3956D46DE8}") = "Basket", "Basket", "{AAD6F297-4FC6-4A41-9B97-4E035BDA212D}"
EndProject
Project("{9A19103F-16F7-4668-BE54-9A1E7A4F7556}") = "Basket.API", "Services\Basket\Basket.API\Basket.API.csproj", "{112E214F-BED3-45EE-96DD-CB23E8C69D4E}"
EndProject
Project("{2150E333-8FDC-42A3-9474-1A3956D46DE8}") = "Discount", "Discount", "{DB39EBC7-AB5B-4248-AF84-664DE69F8426}"
EndProject
Project("{9A19103F-16F7-4668-BE54-9A1E7A4F7556}") = "Discount.API", "Services\Discount\Discount.API\Discount.API.csproj", "{F51CF573-3BF6-4F0C-BA45-55BDD593804E}"
EndProject
Project("{9A19103F-16F7-4668-BE54-9A1E7A4F7556}") = "Discount.Grpc", "Services\Discount\Discount.Grpc\Discount.Grpc.csproj", "{B4887AE1-744E-43B6-888F-A84BAC973511}"
EndProject
Project("{2150E333-8FDC-42A3-9474-1A3956D46DE8}") = "Ordering", "Ordering", "{E4A87B2B-D6A8-4B9C-BD20-BA9F9B9956B7}"
EndProject
Project("{FAE04EC0-301F-11D3-BF4B-00C04F79EFBC}") = "Ordering.API", "Services\Ordering\Ordering.API\Ordering.API.csproj", "{F558153A-004C-4F9A-A34D-55C6793F95E2}"
EndProject
Project("{FAE04EC0-301F-11D3-BF4B-00C04F79EFBC}") = "Ordering.Domain", "Services\Ordering\Ordering.Domain\Ordering.Domain.csproj", "{27F3175E-695E-4C59-BCBE-98AC066BFE74}"
EndProject
Project("{FAE04EC0-301F-11D3-BF4B-00C04F79EFBC}") = "Ordering.Application", "Services\Ordering\Ordering.Application\Ordering.Application.csproj", "{49FA035E-3A8F-4058-899E-BC5AE66E0E98}"
EndProject
Project("{FAE04EC0-301F-11D3-BF4B-00C04F79EFBC}") = "Ordering.Infrastructure", "Services\Ordering\Ordering.Infrastructure\Ordering.Infrastructure.csproj", "{11AB8913-D025-42FA-8202-3A68F220D91F}"
EndProject
Global
	GlobalSection(SolutionConfigurationPlatforms) = preSolution
		Debug|Any CPU = Debug|Any CPU
		Release|Any CPU = Release|Any CPU
	EndGlobalSection
	GlobalSection(ProjectConfigurationPlatforms) = postSolution
		{E1125A4C-2D13-41A9-9038-7ED324F38C14}.Debug|Any CPU.ActiveCfg = Debug|Any CPU
		{E1125A4C-2D13-41A9-9038-7ED324F38C14}.Release|Any CPU.ActiveCfg = Release|Any CPU
		{E1125A4C-2D13-41A9-9038-7ED324F38C14}.Release|Any CPU.Build.0 = Release|Any CPU
		{CBAE6249-7681-468B-A87F-3D6CA5B243D1}.Debug|Any CPU.ActiveCfg = Debug|Any CPU
		{CBAE6249-7681-468B-A87F-3D6CA5B243D1}.Debug|Any CPU.Build.0 = Debug|Any CPU
		{CBAE6249-7681-468B-A87F-3D6CA5B243D1}.Release|Any CPU.ActiveCfg = Release|Any CPU
		{CBAE6249-7681-468B-A87F-3D6CA5B243D1}.Release|Any CPU.Build.0 = Release|Any CPU
		{112E214F-BED3-45EE-96DD-CB23E8C69D4E}.Debug|Any CPU.ActiveCfg = Debug|Any CPU
		{112E214F-BED3-45EE-96DD-CB23E8C69D4E}.Release|Any CPU.ActiveCfg = Release|Any CPU
		{112E214F-BED3-45EE-96DD-CB23E8C69D4E}.Release|Any CPU.Build.0 = Release|Any CPU
		{F51CF573-3BF6-4F0C-BA45-55BDD593804E}.Debug|Any CPU.ActiveCfg = Debug|Any CPU
		{F51CF573-3BF6-4F0C-BA45-55BDD593804E}.Debug|Any CPU.Build.0 = Debug|Any CPU
		{F51CF573-3BF6-4F0C-BA45-55BDD593804E}.Release|Any CPU.ActiveCfg = Release|Any CPU
		{F51CF573-3BF6-4F0C-BA45-55BDD593804E}.Release|Any CPU.Build.0 = Release|Any CPU
		{B4887AE1-744E-43B6-888F-A84BAC973511}.Debug|Any CPU.ActiveCfg = Debug|Any CPU
		{B4887AE1-744E-43B6-888F-A84BAC973511}.Debug|Any CPU.Build.0 = Debug|Any CPU
		{B4887AE1-744E-43B6-888F-A84BAC973511}.Release|Any CPU.ActiveCfg = Release|Any CPU
		{B4887AE1-744E-43B6-888F-A84BAC973511}.Release|Any CPU.Build.0 = Release|Any CPU
		{F558153A-004C-4F9A-A34D-55C6793F95E2}.Debug|Any CPU.ActiveCfg = Debug|Any CPU
		{F558153A-004C-4F9A-A34D-55C6793F95E2}.Debug|Any CPU.Build.0 = Debug|Any CPU
		{F558153A-004C-4F9A-A34D-55C6793F95E2}.Release|Any CPU.ActiveCfg = Release|Any CPU
		{F558153A-004C-4F9A-A34D-55C6793F95E2}.Release|Any CPU.Build.0 = Release|Any CPU
		{27F3175E-695E-4C59-BCBE-98AC066BFE74}.Debug|Any CPU.ActiveCfg = Debug|Any CPU
		{27F3175E-695E-4C59-BCBE-98AC066BFE74}.Debug|Any CPU.Build.0 = Debug|Any CPU
		{27F3175E-695E-4C59-BCBE-98AC066BFE74}.Release|Any CPU.ActiveCfg = Release|Any CPU
		{27F3175E-695E-4C59-BCBE-98AC066BFE74}.Release|Any CPU.Build.0 = Release|Any CPU
		{49FA035E-3A8F-4058-899E-BC5AE66E0E98}.Debug|Any CPU.ActiveCfg = Debug|Any CPU
		{49FA035E-3A8F-4058-899E-BC5AE66E0E98}.Debug|Any CPU.Build.0 = Debug|Any CPU
		{49FA035E-3A8F-4058-899E-BC5AE66E0E98}.Release|Any CPU.ActiveCfg = Release|Any CPU
		{49FA035E-3A8F-4058-899E-BC5AE66E0E98}.Release|Any CPU.Build.0 = Release|Any CPU
		{11AB8913-D025-42FA-8202-3A68F220D91F}.Debug|Any CPU.ActiveCfg = Debug|Any CPU
		{11AB8913-D025-42FA-8202-3A68F220D91F}.Debug|Any CPU.Build.0 = Debug|Any CPU
		{11AB8913-D025-42FA-8202-3A68F220D91F}.Release|Any CPU.ActiveCfg = Release|Any CPU
		{11AB8913-D025-42FA-8202-3A68F220D91F}.Release|Any CPU.Build.0 = Release|Any CPU
	EndGlobalSection
	GlobalSection(SolutionProperties) = preSolution
		HideSolutionNode = FALSE
	EndGlobalSection
	GlobalSection(NestedProjects) = preSolution
		{44D20121-89CB-494D-B962-599CB1E81026} = {2A7E90EC-2D81-43BC-B125-1FE385490804}
		{E1125A4C-2D13-41A9-9038-7ED324F38C14} = {44D20121-89CB-494D-B962-599CB1E81026}
		{AAD6F297-4FC6-4A41-9B97-4E035BDA212D} = {2A7E90EC-2D81-43BC-B125-1FE385490804}
		{112E214F-BED3-45EE-96DD-CB23E8C69D4E} = {AAD6F297-4FC6-4A41-9B97-4E035BDA212D}
		{DB39EBC7-AB5B-4248-AF84-664DE69F8426} = {2A7E90EC-2D81-43BC-B125-1FE385490804}
		{F51CF573-3BF6-4F0C-BA45-55BDD593804E} = {DB39EBC7-AB5B-4248-AF84-664DE69F8426}
		{B4887AE1-744E-43B6-888F-A84BAC973511} = {DB39EBC7-AB5B-4248-AF84-664DE69F8426}
		{E4A87B2B-D6A8-4B9C-BD20-BA9F9B9956B7} = {2A7E90EC-2D81-43BC-B125-1FE385490804}
		{F558153A-004C-4F9A-A34D-55C6793F95E2} = {E4A87B2B-D6A8-4B9C-BD20-BA9F9B9956B7}
		{27F3175E-695E-4C59-BCBE-98AC066BFE74} = {E4A87B2B-D6A8-4B9C-BD20-BA9F9B9956B7}
		{49FA035E-3A8F-4058-899E-BC5AE66E0E98} = {E4A87B2B-D6A8-4B9C-BD20-BA9F9B9956B7}
		{11AB8913-D025-42FA-8202-3A68F220D91F} = {E4A87B2B-D6A8-4B9C-BD20-BA9F9B9956B7}
	EndGlobalSection
	GlobalSection(ExtensibilityGlobals) = postSolution
		SolutionGuid = {BDEB253A-305B-486E-B951-B3677CC33F91}
	EndGlobalSection
EndGlobal
