
Microsoft Visual Studio Solution File, Format Version 12.00
# Visual Studio Version 17
VisualStudioVersion = 17.4.33403.182
MinimumVisualStudioVersion = 10.0.40219.1
Project("{2150E333-8FDC-42A3-9474-1A3956D46DE8}") = "Services", "Services", "{2A7E90EC-2D81-43BC-B125-1FE385490804}"
EndProject
Project("{2150E333-8FDC-42A3-9474-1A3956D46DE8}") = "Catalog", "Catalog", "{44D20121-89CB-494D-B962-599CB1E81026}"
EndProject
Project("{9A19103F-16F7-4668-BE54-9A1E7A4F7556}") = "Catalog.API", "Services\Catalog\Catalog.API\Catalog.API.csproj", "{E1125A4C-2D13-41A9-9038-7ED324F38C14}"
EndProject
Project("{E53339B2-1760-4266-BCC7-CA923CBCF16C}") = "docker-compose", "docker-compose.dcproj", "{CBAE6249-7681-468B-A87F-3D6CA5B243D1}"
EndProject
Project("{2150E333-8FDC-42A3-9474-1A3956D46DE8}") = "Basket", "Basket", "{AAD6F297-4FC6-4A41-9B97-4E035BDA212D}"
EndProject
Project("{FAE04EC0-301F-11D3-BF4B-00C04F79EFBC}") = "Basket.API", "Services\Basket\Basket.API\Basket.API.csproj", "{112E214F-BED3-45EE-96DD-CB23E8C69D4E}"
EndProject
Global
	GlobalSection(SolutionConfigurationPlatforms) = preSolution
		Debug|Any CPU = Debug|Any CPU
		Release|Any CPU = Release|Any CPU
	EndGlobalSection
	GlobalSection(ProjectConfigurationPlatforms) = postSolution
		{E1125A4C-2D13-41A9-9038-7ED324F38C14}.Debug|Any CPU.ActiveCfg = Debug|Any CPU
		{E1125A4C-2D13-41A9-9038-7ED324F38C14}.Debug|Any CPU.Build.0 = Debug|Any CPU
		{E1125A4C-2D13-41A9-9038-7ED324F38C14}.Release|Any CPU.ActiveCfg = Release|Any CPU
		{E1125A4C-2D13-41A9-9038-7ED324F38C14}.Release|Any CPU.Build.0 = Release|Any CPU
		{CBAE6249-7681-468B-A87F-3D6CA5B243D1}.Debug|Any CPU.ActiveCfg = Debug|Any CPU
		{CBAE6249-7681-468B-A87F-3D6CA5B243D1}.Debug|Any CPU.Build.0 = Debug|Any CPU
		{CBAE6249-7681-468B-A87F-3D6CA5B243D1}.Release|Any CPU.ActiveCfg = Release|Any CPU
		{CBAE6249-7681-468B-A87F-3D6CA5B243D1}.Release|Any CPU.Build.0 = Release|Any CPU
		{112E214F-BED3-45EE-96DD-CB23E8C69D4E}.Debug|Any CPU.ActiveCfg = Debug|Any CPU
		{112E214F-BED3-45EE-96DD-CB23E8C69D4E}.Debug|Any CPU.Build.0 = Debug|Any CPU
		{112E214F-BED3-45EE-96DD-CB23E8C69D4E}.Release|Any CPU.ActiveCfg = Release|Any CPU
		{112E214F-BED3-45EE-96DD-CB23E8C69D4E}.Release|Any CPU.Build.0 = Release|Any CPU
	EndGlobalSection
	GlobalSection(SolutionProperties) = preSolution
		HideSolutionNode = FALSE
	EndGlobalSection
	GlobalSection(NestedProjects) = preSolution
		{44D20121-89CB-494D-B962-599CB1E81026} = {2A7E90EC-2D81-43BC-B125-1FE385490804}
		{E1125A4C-2D13-41A9-9038-7ED324F38C14} = {44D20121-89CB-494D-B962-599CB1E81026}
		{AAD6F297-4FC6-4A41-9B97-4E035BDA212D} = {2A7E90EC-2D81-43BC-B125-1FE385490804}
		{112E214F-BED3-45EE-96DD-CB23E8C69D4E} = {AAD6F297-4FC6-4A41-9B97-4E035BDA212D}
	EndGlobalSection
	GlobalSection(ExtensibilityGlobals) = postSolution
		SolutionGuid = {BDEB253A-305B-486E-B951-B3677CC33F91}
	EndGlobalSection
EndGlobal
